
Microsoft Visual Studio Solution File, Format Version 12.00
# Visual Studio Version 17
VisualStudioVersion = 17.8.34330.188
MinimumVisualStudioVersion = 10.0.40219.1
Project("{FAE04EC0-301F-11D3-BF4B-00C04F79EFBC}") = "ASM01DataAccess", "ASM01DataAccess\ASM01DataAccess.csproj", "{EA46BFB2-AD69-4D8D-A57C-BDE6B9F80073}"
EndProject
Project("{FAE04EC0-301F-11D3-BF4B-00C04F79EFBC}") = "ASM01BusinessObjects", "ASM01BusinessObjects\ASM01BusinessObjects.csproj", "{F32DF4CF-CECB-4B9A-B0FB-88E607164EA4}"
EndProject
Project("{FAE04EC0-301F-11D3-BF4B-00C04F79EFBC}") = "ASM01Repositories", "ASM01Repositories\ASM01Repositories.csproj", "{6DAEE75A-1F8E-41A3-AD18-EED0E6953D23}"
EndProject
Project("{FAE04EC0-301F-11D3-BF4B-00C04F79EFBC}") = "ASM01Services", "ASM01Services\ASM01Services.csproj", "{C1C1F7E5-15DE-4F12-861A-D9DE2937447B}"
EndProject
Project("{FAE04EC0-301F-11D3-BF4B-00C04F79EFBC}") = "ASM01Wpf", "ASM01Wpf\ASM01Wpf.csproj", "{7A5D1CB8-C55D-4647-8628-9C21B23D9543}"
EndProject
Global
	GlobalSection(SolutionConfigurationPlatforms) = preSolution
		Debug|Any CPU = Debug|Any CPU
		Release|Any CPU = Release|Any CPU
	EndGlobalSection
	GlobalSection(ProjectConfigurationPlatforms) = postSolution
		{EA46BFB2-AD69-4D8D-A57C-BDE6B9F80073}.Debug|Any CPU.ActiveCfg = Debug|Any CPU
		{EA46BFB2-AD69-4D8D-A57C-BDE6B9F80073}.Debug|Any CPU.Build.0 = Debug|Any CPU
		{EA46BFB2-AD69-4D8D-A57C-BDE6B9F80073}.Release|Any CPU.ActiveCfg = Release|Any CPU
		{EA46BFB2-AD69-4D8D-A57C-BDE6B9F80073}.Release|Any CPU.Build.0 = Release|Any CPU
		{F32DF4CF-CECB-4B9A-B0FB-88E607164EA4}.Debug|Any CPU.ActiveCfg = Debug|Any CPU
		{F32DF4CF-CECB-4B9A-B0FB-88E607164EA4}.Debug|Any CPU.Build.0 = Debug|Any CPU
		{F32DF4CF-CECB-4B9A-B0FB-88E607164EA4}.Release|Any CPU.ActiveCfg = Release|Any CPU
		{F32DF4CF-CECB-4B9A-B0FB-88E607164EA4}.Release|Any CPU.Build.0 = Release|Any CPU
		{6DAEE75A-1F8E-41A3-AD18-EED0E6953D23}.Debug|Any CPU.ActiveCfg = Debug|Any CPU
		{6DAEE75A-1F8E-41A3-AD18-EED0E6953D23}.Debug|Any CPU.Build.0 = Debug|Any CPU
		{6DAEE75A-1F8E-41A3-AD18-EED0E6953D23}.Release|Any CPU.ActiveCfg = Release|Any CPU
		{6DAEE75A-1F8E-41A3-AD18-EED0E6953D23}.Release|Any CPU.Build.0 = Release|Any CPU
		{C1C1F7E5-15DE-4F12-861A-D9DE2937447B}.Debug|Any CPU.ActiveCfg = Debug|Any CPU
		{C1C1F7E5-15DE-4F12-861A-D9DE2937447B}.Debug|Any CPU.Build.0 = Debug|Any CPU
		{C1C1F7E5-15DE-4F12-861A-D9DE2937447B}.Release|Any CPU.ActiveCfg = Release|Any CPU
		{C1C1F7E5-15DE-4F12-861A-D9DE2937447B}.Release|Any CPU.Build.0 = Release|Any CPU
		{7A5D1CB8-C55D-4647-8628-9C21B23D9543}.Debug|Any CPU.ActiveCfg = Debug|Any CPU
		{7A5D1CB8-C55D-4647-8628-9C21B23D9543}.Debug|Any CPU.Build.0 = Debug|Any CPU
		{7A5D1CB8-C55D-4647-8628-9C21B23D9543}.Release|Any CPU.ActiveCfg = Release|Any CPU
		{7A5D1CB8-C55D-4647-8628-9C21B23D9543}.Release|Any CPU.Build.0 = Release|Any CPU
	EndGlobalSection
	GlobalSection(SolutionProperties) = preSolution
		HideSolutionNode = FALSE
	EndGlobalSection
	GlobalSection(ExtensibilityGlobals) = postSolution
		SolutionGuid = {2DB5FCFA-8BA2-4347-9BDC-DFDACD6AE670}
	EndGlobalSection
EndGlobal
